<?xml version="1.0" encoding="utf-8"?>
<Project ToolsVersion="4.0" xmlns="http://schemas.microsoft.com/developer/msbuild/2003">
  <ItemGroup>
    <ClCompile Include="src\Boundary.cpp">
      <Filter>Source</Filter>
    </ClCompile>
    <ClCompile Include="src\DCTVolume.cpp">
      <Filter>Source</Filter>
    </ClCompile>
    <ClCompile Include="src\Simulation.cpp">
      <Filter>Source</Filter>
    </ClCompile>
    <ClCompile Include="src\Partition.cpp">
      <Filter>Source</Filter>
    </ClCompile>
    <ClCompile Include="src\Main.cpp">
      <Filter>Source</Filter>
    </ClCompile>
    <ClCompile Include="src\DCTPartition.cpp">
      <Filter>Source</Filter>
    </ClCompile>
    <ClCompile Include="src\PMLPartition.cpp">
      <Filter>Source</Filter>
    </ClCompile>
    <ClCompile Include="src\FDTDPartition.cpp">
      <Filter>Source</Filter>
    </ClCompile>
  </ItemGroup>
  <ItemGroup>
    <ClInclude Include="src\Boundary.h">
      <Filter>Headers</Filter>
    </ClInclude>
    <ClInclude Include="src\DCTVolume.h">
      <Filter>Headers</Filter>
    </ClInclude>
    <ClInclude Include="src\Partition.h">
      <Filter>Headers</Filter>
    </ClInclude>
    <ClInclude Include="src\Simulation.h">
      <Filter>Headers</Filter>
    </ClInclude>
    <ClInclude Include="src\DCTPartition.h">
      <Filter>Headers</Filter>
    </ClInclude>
    <ClInclude Include="src\PMLPartition.h">
      <Filter>Headers</Filter>
    </ClInclude>
    <ClInclude Include="src\FDTDPartition.h">
      <Filter>Headers</Filter>
    </ClInclude>
  </ItemGroup>
  <ItemGroup>
    <Filter Include="Headers">
      <UniqueIdentifier>{d9891d28-2c00-4b89-9ac0-c52ac88158db}</UniqueIdentifier>
    </Filter>
    <Filter Include="Source">
      <UniqueIdentifier>{f15f31a4-e730-4c32-8435-f31f10a3dca8}</UniqueIdentifier>
    </Filter>
  </ItemGroup>
</Project>